
Microsoft Visual Studio Solution File, Format Version 12.00
# Visual Studio Version 17
VisualStudioVersion = 17.13.35818.85 d17.13
MinimumVisualStudioVersion = 10.0.40219.1
Project("{FAE04EC0-301F-11D3-BF4B-00C04F79EFBC}") = "Homework01.App", "Homework01.App.csproj", "{DE2F671A-37CC-A883-A254-5146F7F2DE01}"
EndProject
Global
	GlobalSection(SolutionConfigurationPlatforms) = preSolution
		Debug|Any CPU = Debug|Any CPU
		Release|Any CPU = Release|Any CPU
	EndGlobalSection
	GlobalSection(ProjectConfigurationPlatforms) = postSolution
		{DE2F671A-37CC-A883-A254-5146F7F2DE01}.Debug|Any CPU.ActiveCfg = Debug|Any CPU
		{DE2F671A-37CC-A883-A254-5146F7F2DE01}.Debug|Any CPU.Build.0 = Debug|Any CPU
		{DE2F671A-37CC-A883-A254-5146F7F2DE01}.Release|Any CPU.ActiveCfg = Release|Any CPU
		{DE2F671A-37CC-A883-A254-5146F7F2DE01}.Release|Any CPU.Build.0 = Release|Any CPU
	EndGlobalSection
	GlobalSection(SolutionProperties) = preSolution
		HideSolutionNode = FALSE
	EndGlobalSection
	GlobalSection(ExtensibilityGlobals) = postSolution
		SolutionGuid = {D035C381-D3EE-4E51-A848-5D3D76257B9B}
	EndGlobalSection
EndGlobal
