
Microsoft Visual Studio Solution File, Format Version 12.00
# Visual Studio Version 17
VisualStudioVersion = 17.13.35818.85 d17.13
MinimumVisualStudioVersion = 10.0.40219.1
Project("{FAE04EC0-301F-11D3-BF4B-00C04F79EFBC}") = "Class06.Homework", "Class06.Homework\Class06.Homework.csproj", "{3F44B3CB-C9EE-4360-8539-A502E9AAB519}"
EndProject
Global
	GlobalSection(SolutionConfigurationPlatforms) = preSolution
		Debug|Any CPU = Debug|Any CPU
		Release|Any CPU = Release|Any CPU
	EndGlobalSection
	GlobalSection(ProjectConfigurationPlatforms) = postSolution
		{3F44B3CB-C9EE-4360-8539-A502E9AAB519}.Debug|Any CPU.ActiveCfg = Debug|Any CPU
		{3F44B3CB-C9EE-4360-8539-A502E9AAB519}.Debug|Any CPU.Build.0 = Debug|Any CPU
		{3F44B3CB-C9EE-4360-8539-A502E9AAB519}.Release|Any CPU.ActiveCfg = Release|Any CPU
		{3F44B3CB-C9EE-4360-8539-A502E9AAB519}.Release|Any CPU.Build.0 = Release|Any CPU
	EndGlobalSection
	GlobalSection(SolutionProperties) = preSolution
		HideSolutionNode = FALSE
	EndGlobalSection
	GlobalSection(ExtensibilityGlobals) = postSolution
		SolutionGuid = {30884612-1CD8-4503-853A-A9AC8F8A3235}
	EndGlobalSection
EndGlobal
